
Microsoft Visual Studio Solution File, Format Version 12.00
# Visual Studio Version 17
VisualStudioVersion = 17.4.33205.214
MinimumVisualStudioVersion = 10.0.40219.1
Project("{888888A0-9F3D-457C-B088-3A5042F75D52}") = "PythonDataProcess", "PythonDataProcess\PythonDataProcess.pyproj", "{2EB1B39F-E64B-4B5D-93F5-CA14586B5370}"
EndProject
Global
	GlobalSection(SolutionConfigurationPlatforms) = preSolution
		Debug|Any CPU = Debug|Any CPU
		Release|Any CPU = Release|Any CPU
	EndGlobalSection
	GlobalSection(ProjectConfigurationPlatforms) = postSolution
		{2EB1B39F-E64B-4B5D-93F5-CA14586B5370}.Debug|Any CPU.ActiveCfg = Debug|Any CPU
		{2EB1B39F-E64B-4B5D-93F5-CA14586B5370}.Release|Any CPU.ActiveCfg = Release|Any CPU
	EndGlobalSection
	GlobalSection(SolutionProperties) = preSolution
		HideSolutionNode = FALSE
	EndGlobalSection
	GlobalSection(ExtensibilityGlobals) = postSolution
		SolutionGuid = {6ED9F882-0491-4BA7-A3E2-3F462C56F615}
	EndGlobalSection
EndGlobal
